
Microsoft Visual Studio Solution File, Format Version 12.00
# Visual Studio Version 16
VisualStudioVersion = 16.0.30413.136
MinimumVisualStudioVersion = 10.0.40219.1
Project("{9A19103F-16F7-4668-BE54-9A1E7A4F7556}") = "ClassLibrary", "ClassLibrary.csproj", "{1501E3A5-7088-4B80-B89E-53D3BC298492}"
EndProject
Global
	GlobalSection(SolutionConfigurationPlatforms) = preSolution
		Debug|Any CPU = Debug|Any CPU
		Release|Any CPU = Release|Any CPU
	EndGlobalSection
	GlobalSection(ProjectConfigurationPlatforms) = postSolution
		{1501E3A5-7088-4B80-B89E-53D3BC298492}.Debug|Any CPU.ActiveCfg = Debug|Any CPU
		{1501E3A5-7088-4B80-B89E-53D3BC298492}.Debug|Any CPU.Build.0 = Debug|Any CPU
		{1501E3A5-7088-4B80-B89E-53D3BC298492}.Release|Any CPU.ActiveCfg = Release|Any CPU
		{1501E3A5-7088-4B80-B89E-53D3BC298492}.Release|Any CPU.Build.0 = Release|Any CPU
	EndGlobalSection
	GlobalSection(SolutionProperties) = preSolution
		HideSolutionNode = FALSE
	EndGlobalSection
	GlobalSection(ExtensibilityGlobals) = postSolution
		SolutionGuid = {D24A0013-2D79-4839-BA27-239DDE19C650}
	EndGlobalSection
EndGlobal
